# THIS IS AN AUTOGENERATED FILE. DO NOT EDIT THIS FILE DIRECTLY.
# yarn lockfile v1


"@types/estree@0.0.38":
  version "0.0.38"
  resolved "https://registry.yarnpkg.com/@types/estree/-/estree-0.0.38.tgz#c1be40aa933723c608820a99a373a16d215a1ca2"

"@types/node@*":
  version "10.0.3"
  resolved "https://registry.yarnpkg.com/@types/node/-/node-10.0.3.tgz#1f89840c7aac2406cc43a2ecad98fc02a8e130e4"

builtin-modules@^2.0.0:
  version "2.0.0"
  resolved "https://registry.yarnpkg.com/builtin-modules/-/builtin-modules-2.0.0.tgz#60b7ef5ae6546bd7deefa74b08b62a43a232648e"

is-module@^1.0.0:
  version "1.0.0"
  resolved "https://registry.yarnpkg.com/is-module/-/is-module-1.0.0.tgz#3258fb69f78c14d5b815d664336b4cffb6441591"

path-parse@^1.0.5:
  version "1.0.5"
  resolved "https://registry.yarnpkg.com/path-parse/-/path-parse-1.0.5.tgz#3c1adf871ea9cd6c9431b6ea2bd74a0ff055c4c1"

resolve@^1.1.6:
  version "1.7.1"
  resolved "https://registry.yarnpkg.com/resolve/-/resolve-1.7.1.tgz#aadd656374fd298aee895bc026b8297418677fd3"
  dependencies:
    path-parse "^1.0.5"

rollup-plugin-node-resolve@^3.3.0:
  version "3.3.0"
  resolved "https://registry.yarnpkg.com/rollup-plugin-node-resolve/-/rollup-plugin-node-resolve-3.3.0.tgz#c26d110a36812cbefa7ce117cadcd3439aa1c713"
  dependencies:
    builtin-modules "^2.0.0"
    is-module "^1.0.0"
    resolve "^1.1.6"

rollup@^0.58.2:
  version "0.58.2"
  resolved "https://registry.yarnpkg.com/rollup/-/rollup-0.58.2.tgz#2feddea8c0c022f3e74b35c48e3c21b3433803ce"
  dependencies:
    "@types/estree" "0.0.38"
    "@types/node" "*"
